
Microsoft Visual Studio Solution File, Format Version 12.00
# Visual Studio Version 16
VisualStudioVersion = 16.0.29728.190
MinimumVisualStudioVersion = 10.0.40219.1
Project("{9A19103F-16F7-4668-BE54-9A1E7A4F7556}") = "Dictionaries", "PracticeExercises\Dictionaries.csproj", "{1176F038-768E-4394-8F4E-71A90B983C11}"
EndProject
Project("{9A19103F-16F7-4668-BE54-9A1E7A4F7556}") = "Lists", "Lists\Lists.csproj", "{EE17B799-4B5C-45C2-B14F-7FCC0A42CE28}"
EndProject
Project("{9A19103F-16F7-4668-BE54-9A1E7A4F7556}") = "Classes", "Objects\Classes.csproj", "{0067A741-4FA9-45AA-8C10-73A4DA4CB91B}"
EndProject
Global
	GlobalSection(SolutionConfigurationPlatforms) = preSolution
		Debug|Any CPU = Debug|Any CPU
		Release|Any CPU = Release|Any CPU
	EndGlobalSection
	GlobalSection(ProjectConfigurationPlatforms) = postSolution
		{1176F038-768E-4394-8F4E-71A90B983C11}.Debug|Any CPU.ActiveCfg = Debug|Any CPU
		{1176F038-768E-4394-8F4E-71A90B983C11}.Debug|Any CPU.Build.0 = Debug|Any CPU
		{1176F038-768E-4394-8F4E-71A90B983C11}.Release|Any CPU.ActiveCfg = Release|Any CPU
		{1176F038-768E-4394-8F4E-71A90B983C11}.Release|Any CPU.Build.0 = Release|Any CPU
		{EE17B799-4B5C-45C2-B14F-7FCC0A42CE28}.Debug|Any CPU.ActiveCfg = Debug|Any CPU
		{EE17B799-4B5C-45C2-B14F-7FCC0A42CE28}.Debug|Any CPU.Build.0 = Debug|Any CPU
		{EE17B799-4B5C-45C2-B14F-7FCC0A42CE28}.Release|Any CPU.ActiveCfg = Release|Any CPU
		{EE17B799-4B5C-45C2-B14F-7FCC0A42CE28}.Release|Any CPU.Build.0 = Release|Any CPU
		{0067A741-4FA9-45AA-8C10-73A4DA4CB91B}.Debug|Any CPU.ActiveCfg = Debug|Any CPU
		{0067A741-4FA9-45AA-8C10-73A4DA4CB91B}.Debug|Any CPU.Build.0 = Debug|Any CPU
		{0067A741-4FA9-45AA-8C10-73A4DA4CB91B}.Release|Any CPU.ActiveCfg = Release|Any CPU
		{0067A741-4FA9-45AA-8C10-73A4DA4CB91B}.Release|Any CPU.Build.0 = Release|Any CPU
	EndGlobalSection
	GlobalSection(SolutionProperties) = preSolution
		HideSolutionNode = FALSE
	EndGlobalSection
	GlobalSection(ExtensibilityGlobals) = postSolution
		SolutionGuid = {C8EE640D-B572-4930-931D-348BAB39BC6E}
	EndGlobalSection
EndGlobal
